
Microsoft Visual Studio Solution File, Format Version 12.00
# Visual Studio Version 17
VisualStudioVersion = 17.4.33205.214
MinimumVisualStudioVersion = 10.0.40219.1
Project("{FAE04EC0-301F-11D3-BF4B-00C04F79EFBC}") = "Uss", "Uss\Uss.csproj", "{57260D59-F84F-42A4-B9E4-0610A94ED35D}"
EndProject
Global
	GlobalSection(SolutionConfigurationPlatforms) = preSolution
		Debug|Any CPU = Debug|Any CPU
		Release|Any CPU = Release|Any CPU
	EndGlobalSection
	GlobalSection(ProjectConfigurationPlatforms) = postSolution
		{57260D59-F84F-42A4-B9E4-0610A94ED35D}.Debug|Any CPU.ActiveCfg = Debug|Any CPU
		{57260D59-F84F-42A4-B9E4-0610A94ED35D}.Debug|Any CPU.Build.0 = Debug|Any CPU
		{57260D59-F84F-42A4-B9E4-0610A94ED35D}.Release|Any CPU.ActiveCfg = Release|Any CPU
		{57260D59-F84F-42A4-B9E4-0610A94ED35D}.Release|Any CPU.Build.0 = Release|Any CPU
	EndGlobalSection
	GlobalSection(SolutionProperties) = preSolution
		HideSolutionNode = FALSE
	EndGlobalSection
	GlobalSection(ExtensibilityGlobals) = postSolution
		SolutionGuid = {197A903B-854B-4067-940C-111A05C481E1}
	EndGlobalSection
EndGlobal
